
Microsoft Visual Studio Solution File, Format Version 12.00
# Visual Studio 15
VisualStudioVersion = 15.0.27428.2011
MinimumVisualStudioVersion = 10.0.40219.1
Project("{FAE04EC0-301F-11D3-BF4B-00C04F79EFBC}") = "BusinessContract", "BusinessContract\BusinessContract.csproj", "{B7F30D4D-EAC6-4545-B62E-D60E91007F01}"
EndProject
Project("{FAE04EC0-301F-11D3-BF4B-00C04F79EFBC}") = "ServiceContract", "ServiceContract\ServiceContract.csproj", "{A58DD2D8-EC67-456E-B62C-D1ADB185EB71}"
EndProject
Project("{FAE04EC0-301F-11D3-BF4B-00C04F79EFBC}") = "OracleContract", "OracleContract\OracleContract.csproj", "{857B66A7-9BC6-4155-8939-875FF2DC094D}"
EndProject
Global
	GlobalSection(SolutionConfigurationPlatforms) = preSolution
		Debug|Any CPU = Debug|Any CPU
		Release|Any CPU = Release|Any CPU
	EndGlobalSection
	GlobalSection(ProjectConfigurationPlatforms) = postSolution
		{B7F30D4D-EAC6-4545-B62E-D60E91007F01}.Debug|Any CPU.ActiveCfg = Debug|Any CPU
		{B7F30D4D-EAC6-4545-B62E-D60E91007F01}.Debug|Any CPU.Build.0 = Debug|Any CPU
		{B7F30D4D-EAC6-4545-B62E-D60E91007F01}.Release|Any CPU.ActiveCfg = Release|Any CPU
		{B7F30D4D-EAC6-4545-B62E-D60E91007F01}.Release|Any CPU.Build.0 = Release|Any CPU
		{A58DD2D8-EC67-456E-B62C-D1ADB185EB71}.Debug|Any CPU.ActiveCfg = Debug|Any CPU
		{A58DD2D8-EC67-456E-B62C-D1ADB185EB71}.Debug|Any CPU.Build.0 = Debug|Any CPU
		{A58DD2D8-EC67-456E-B62C-D1ADB185EB71}.Release|Any CPU.ActiveCfg = Release|Any CPU
		{A58DD2D8-EC67-456E-B62C-D1ADB185EB71}.Release|Any CPU.Build.0 = Release|Any CPU
		{857B66A7-9BC6-4155-8939-875FF2DC094D}.Debug|Any CPU.ActiveCfg = Debug|Any CPU
		{857B66A7-9BC6-4155-8939-875FF2DC094D}.Debug|Any CPU.Build.0 = Debug|Any CPU
		{857B66A7-9BC6-4155-8939-875FF2DC094D}.Release|Any CPU.ActiveCfg = Release|Any CPU
		{857B66A7-9BC6-4155-8939-875FF2DC094D}.Release|Any CPU.Build.0 = Release|Any CPU
	EndGlobalSection
	GlobalSection(SolutionProperties) = preSolution
		HideSolutionNode = FALSE
	EndGlobalSection
	GlobalSection(ExtensibilityGlobals) = postSolution
		SolutionGuid = {129E1BD8-1A2B-483D-99EB-63D63199C43D}
	EndGlobalSection
EndGlobal
